// !$*UTF8*$!
{
	archiveVersion = 1;
	classes = {
	};
	objectVersion = 48;
	objects = {

/* Begin PBXBuildFile section */
		690A1984204800AB004D2734 /* AppDelegate.swift in Sources */ = {isa = PBXBuildFile; fileRef = 690A1983204800AB004D2734 /* AppDelegate.swift */; };
		690A1986204800AB004D2734 /* FirstViewController.swift in Sources */ = {isa = PBXBuildFile; fileRef = 690A1985204800AB004D2734 /* FirstViewController.swift */; };
		690A1988204800AB004D2734 /* SecondViewController.swift in Sources */ = {isa = PBXBuildFile; fileRef = 690A1987204800AB004D2734 /* SecondViewController.swift */; };
		690A198B204800AB004D2734 /* Main.storyboard in Resources */ = {isa = PBXBuildFile; fileRef = 690A1989204800AB004D2734 /* Main.storyboard */; };
		690A198D204800AB004D2734 /* Assets.xcassets in Resources */ = {isa = PBXBuildFile; fileRef = 690A198C204800AB004D2734 /* Assets.xcassets */; };
		690A1990204800AB004D2734 /* LaunchScreen.storyboard in Resources */ = {isa = PBXBuildFile; fileRef = 690A198E204800AB004D2734 /* LaunchScreen.storyboard */; };
		690A199B204800AC004D2734 /* Hertz_87_9Tests.swift in Sources */ = {isa = PBXBuildFile; fileRef = 690A199A204800AC004D2734 /* Hertz_87_9Tests.swift */; };
		690A19A6204800D7004D2734 /* AppContext.swift in Sources */ = {isa = PBXBuildFile; fileRef = 690A19A5204800D7004D2734 /* AppContext.swift */; };
		690A19A8204800F4004D2734 /* StreamController.swift in Sources */ = {isa = PBXBuildFile; fileRef = 690A19A7204800F4004D2734 /* StreamController.swift */; };
		690A19AB204801BD004D2734 /* AVFoundation.framework in Frameworks */ = {isa = PBXBuildFile; fileRef = 690A19AA204801BD004D2734 /* AVFoundation.framework */; };
		690A19AD2048068F004D2734 /* RemoteUrls.swift in Sources */ = {isa = PBXBuildFile; fileRef = 690A19AC2048068F004D2734 /* RemoteUrls.swift */; };
		690A19AF20480A93004D2734 /* WebRequestManager.swift in Sources */ = {isa = PBXBuildFile; fileRef = 690A19AE20480A93004D2734 /* WebRequestManager.swift */; };
		690A19B520480F58004D2734 /* ProgramController.swift in Sources */ = {isa = PBXBuildFile; fileRef = 690A19B420480F58004D2734 /* ProgramController.swift */; };
		690A19B72048214E004D2734 /* ProgramTests.swift in Sources */ = {isa = PBXBuildFile; fileRef = 690A19B62048214E004D2734 /* ProgramTests.swift */; };
		690A19B92048226A004D2734 /* Resources in Resources */ = {isa = PBXBuildFile; fileRef = 690A19B82048226A004D2734 /* Resources */; };
		693147E4204961930094595C /* WebRequestTest.swift in Sources */ = {isa = PBXBuildFile; fileRef = 693147E3204961930094595C /* WebRequestTest.swift */; };
		693147E620496D890094595C /* ProgramData.swift in Sources */ = {isa = PBXBuildFile; fileRef = 693147E520496D880094595C /* ProgramData.swift */; };
		693147E92049730A0094595C /* PlaylistController.swift in Sources */ = {isa = PBXBuildFile; fileRef = 693147E7204972C70094595C /* PlaylistController.swift */; };
		693147F7204976130094595C /* XSPFManager.m in Sources */ = {isa = PBXBuildFile; fileRef = 693147F0204976110094595C /* XSPFManager.m */; settings = {COMPILER_FLAGS = "-fno-objc-arc -w"; }; };
		693147F8204976130094595C /* XSPFPlaylist.m in Sources */ = {isa = PBXBuildFile; fileRef = 693147F2204976120094595C /* XSPFPlaylist.m */; settings = {COMPILER_FLAGS = "-fno-objc-arc -w"; }; };
		693147F9204976130094595C /* XSPFTrack.m in Sources */ = {isa = PBXBuildFile; fileRef = 693147F5204976120094595C /* XSPFTrack.m */; settings = {COMPILER_FLAGS = "-fno-objc-arc -w"; }; };
		693147FC204976420094595C /* NSMutableString+XSPFKit.m in Sources */ = {isa = PBXBuildFile; fileRef = 693147FA204976420094595C /* NSMutableString+XSPFKit.m */; settings = {COMPILER_FLAGS = "-fno-objc-arc -w"; }; };
		693147FE204979A00094595C /* PlaylistControllerTest.swift in Sources */ = {isa = PBXBuildFile; fileRef = 693147FD204979A00094595C /* PlaylistControllerTest.swift */; };
		693148012049C9B50094595C /* FavouriteTracksController.swift in Sources */ = {isa = PBXBuildFile; fileRef = 693148002049C9B50094595C /* FavouriteTracksController.swift */; };
		693148032049CC440094595C /* FavouriteSongsControllerTests.swift in Sources */ = {isa = PBXBuildFile; fileRef = 693148022049CC440094595C /* FavouriteSongsControllerTests.swift */; };
		693148062049DB670094595C /* FavouriteTrack.swift in Sources */ = {isa = PBXBuildFile; fileRef = 693148042049DB630094595C /* FavouriteTrack.swift */; };
		693148082049DD690094595C /* UserDefaultUtilities.swift in Sources */ = {isa = PBXBuildFile; fileRef = 693148072049DD690094595C /* UserDefaultUtilities.swift */; };
		6931480A2049E1500094595C /* FavouriteTrackTests.swift in Sources */ = {isa = PBXBuildFile; fileRef = 693148092049E1500094595C /* FavouriteTrackTests.swift */; };
/* End PBXBuildFile section */

/* Begin PBXContainerItemProxy section */
		690A1997204800AC004D2734 /* PBXContainerItemProxy */ = {
			isa = PBXContainerItemProxy;
			containerPortal = 690A1978204800AB004D2734 /* Project object */;
			proxyType = 1;
			remoteGlobalIDString = 690A197F204800AB004D2734;
			remoteInfo = "Hertz 87.9";
		};
/* End PBXContainerItemProxy section */

/* Begin PBXFileReference section */
		690A1980204800AB004D2734 /* Hertz 87.9.app */ = {isa = PBXFileReference; explicitFileType = wrapper.application; includeInIndex = 0; path = "Hertz 87.9.app"; sourceTree = BUILT_PRODUCTS_DIR; };
		690A1983204800AB004D2734 /* AppDelegate.swift */ = {isa = PBXFileReference; lastKnownFileType = sourcecode.swift; path = AppDelegate.swift; sourceTree = "<group>"; };
		690A1985204800AB004D2734 /* FirstViewController.swift */ = {isa = PBXFileReference; lastKnownFileType = sourcecode.swift; path = FirstViewController.swift; sourceTree = "<group>"; };
		690A1987204800AB004D2734 /* SecondViewController.swift */ = {isa = PBXFileReference; lastKnownFileType = sourcecode.swift; path = SecondViewController.swift; sourceTree = "<group>"; };
		690A198A204800AB004D2734 /* Base */ = {isa = PBXFileReference; lastKnownFileType = file.storyboard; name = Base; path = Base.lproj/Main.storyboard; sourceTree = "<group>"; };
		690A198C204800AB004D2734 /* Assets.xcassets */ = {isa = PBXFileReference; lastKnownFileType = folder.assetcatalog; path = Assets.xcassets; sourceTree = "<group>"; };
		690A198F204800AB004D2734 /* Base */ = {isa = PBXFileReference; lastKnownFileType = file.storyboard; name = Base; path = Base.lproj/LaunchScreen.storyboard; sourceTree = "<group>"; };
		690A1991204800AB004D2734 /* Info.plist */ = {isa = PBXFileReference; lastKnownFileType = text.plist.xml; path = Info.plist; sourceTree = "<group>"; };
		690A1996204800AC004D2734 /* Hertz 87.9Tests.xctest */ = {isa = PBXFileReference; explicitFileType = wrapper.cfbundle; includeInIndex = 0; path = "Hertz 87.9Tests.xctest"; sourceTree = BUILT_PRODUCTS_DIR; };
		690A199A204800AC004D2734 /* Hertz_87_9Tests.swift */ = {isa = PBXFileReference; lastKnownFileType = sourcecode.swift; path = Hertz_87_9Tests.swift; sourceTree = "<group>"; };
		690A199C204800AC004D2734 /* Info.plist */ = {isa = PBXFileReference; lastKnownFileType = text.plist.xml; path = Info.plist; sourceTree = "<group>"; };
		690A19A5204800D7004D2734 /* AppContext.swift */ = {isa = PBXFileReference; lastKnownFileType = sourcecode.swift; path = AppContext.swift; sourceTree = "<group>"; };
		690A19A7204800F4004D2734 /* StreamController.swift */ = {isa = PBXFileReference; lastKnownFileType = sourcecode.swift; path = StreamController.swift; sourceTree = "<group>"; };
		690A19AA204801BD004D2734 /* AVFoundation.framework */ = {isa = PBXFileReference; lastKnownFileType = wrapper.framework; name = AVFoundation.framework; path = System/Library/Frameworks/AVFoundation.framework; sourceTree = SDKROOT; };
		690A19AC2048068F004D2734 /* RemoteUrls.swift */ = {isa = PBXFileReference; lastKnownFileType = sourcecode.swift; path = RemoteUrls.swift; sourceTree = "<group>"; };
		690A19AE20480A93004D2734 /* WebRequestManager.swift */ = {isa = PBXFileReference; lastKnownFileType = sourcecode.swift; path = WebRequestManager.swift; sourceTree = "<group>"; };
		690A19B220480C89004D2734 /* SwiftyJSON.framework */ = {isa = PBXFileReference; lastKnownFileType = wrapper.framework; name = SwiftyJSON.framework; path = Carthage/Build/iOS/SwiftyJSON.framework; sourceTree = "<group>"; };
		690A19B420480F58004D2734 /* ProgramController.swift */ = {isa = PBXFileReference; lastKnownFileType = sourcecode.swift; path = ProgramController.swift; sourceTree = "<group>"; };
		690A19B62048214E004D2734 /* ProgramTests.swift */ = {isa = PBXFileReference; lastKnownFileType = sourcecode.swift; path = ProgramTests.swift; sourceTree = "<group>"; };
		690A19B82048226A004D2734 /* Resources */ = {isa = PBXFileReference; lastKnownFileType = folder; path = Resources; sourceTree = "<group>"; };
		693147E3204961930094595C /* WebRequestTest.swift */ = {isa = PBXFileReference; lastKnownFileType = sourcecode.swift; path = WebRequestTest.swift; sourceTree = "<group>"; };
		693147E520496D880094595C /* ProgramData.swift */ = {isa = PBXFileReference; lastKnownFileType = sourcecode.swift; path = ProgramData.swift; sourceTree = "<group>"; };
		693147E7204972C70094595C /* PlaylistController.swift */ = {isa = PBXFileReference; lastKnownFileType = sourcecode.swift; path = PlaylistController.swift; sourceTree = "<group>"; };
		693147EC2049752F0094595C /* Hertz-87-9-Bridging-Header.h */ = {isa = PBXFileReference; lastKnownFileType = sourcecode.c.h; path = "Hertz-87-9-Bridging-Header.h"; sourceTree = "<group>"; };
		693147F0204976110094595C /* XSPFManager.m */ = {isa = PBXFileReference; lastKnownFileType = sourcecode.c.objc; path = XSPFManager.m; sourceTree = "<group>"; };
		693147F1204976110094595C /* XSPFManager.h */ = {isa = PBXFileReference; lastKnownFileType = sourcecode.c.h; path = XSPFManager.h; sourceTree = "<group>"; };
		693147F2204976120094595C /* XSPFPlaylist.m */ = {isa = PBXFileReference; lastKnownFileType = sourcecode.c.objc; path = XSPFPlaylist.m; sourceTree = "<group>"; };
		693147F3204976120094595C /* XSPFPlaylist.h */ = {isa = PBXFileReference; lastKnownFileType = sourcecode.c.h; path = XSPFPlaylist.h; sourceTree = "<group>"; };
		693147F4204976120094595C /* XSPFKit.h */ = {isa = PBXFileReference; lastKnownFileType = sourcecode.c.h; path = XSPFKit.h; sourceTree = "<group>"; };
		693147F5204976120094595C /* XSPFTrack.m */ = {isa = PBXFileReference; lastKnownFileType = sourcecode.c.objc; path = XSPFTrack.m; sourceTree = "<group>"; };
		693147F6204976120094595C /* XSPFTrack.h */ = {isa = PBXFileReference; lastKnownFileType = sourcecode.c.h; path = XSPFTrack.h; sourceTree = "<group>"; };
		693147FA204976420094595C /* NSMutableString+XSPFKit.m */ = {isa = PBXFileReference; fileEncoding = 4; lastKnownFileType = sourcecode.c.objc; path = "NSMutableString+XSPFKit.m"; sourceTree = "<group>"; };
		693147FB204976420094595C /* NSMutableString+XSPFKit.h */ = {isa = PBXFileReference; fileEncoding = 4; lastKnownFileType = sourcecode.c.h; path = "NSMutableString+XSPFKit.h"; sourceTree = "<group>"; };
		693147FD204979A00094595C /* PlaylistControllerTest.swift */ = {isa = PBXFileReference; lastKnownFileType = sourcecode.swift; path = PlaylistControllerTest.swift; sourceTree = "<group>"; };
		693148002049C9B50094595C /* FavouriteTracksController.swift */ = {isa = PBXFileReference; lastKnownFileType = sourcecode.swift; path = FavouriteTracksController.swift; sourceTree = "<group>"; };
		693148022049CC440094595C /* FavouriteSongsControllerTests.swift */ = {isa = PBXFileReference; lastKnownFileType = sourcecode.swift; path = FavouriteSongsControllerTests.swift; sourceTree = "<group>"; };
		693148042049DB630094595C /* FavouriteTrack.swift */ = {isa = PBXFileReference; lastKnownFileType = sourcecode.swift; path = FavouriteTrack.swift; sourceTree = "<group>"; };
		693148072049DD690094595C /* UserDefaultUtilities.swift */ = {isa = PBXFileReference; lastKnownFileType = sourcecode.swift; path = UserDefaultUtilities.swift; sourceTree = "<group>"; };
		693148092049E1500094595C /* FavouriteTrackTests.swift */ = {isa = PBXFileReference; lastKnownFileType = sourcecode.swift; path = FavouriteTrackTests.swift; sourceTree = "<group>"; };
/* End PBXFileReference section */

/* Begin PBXFrameworksBuildPhase section */
		690A197D204800AB004D2734 /* Frameworks */ = {
			isa = PBXFrameworksBuildPhase;
			buildActionMask = 2147483647;
			files = (
				690A19AB204801BD004D2734 /* AVFoundation.framework in Frameworks */,
			);
			runOnlyForDeploymentPostprocessing = 0;
		};
		690A1993204800AC004D2734 /* Frameworks */ = {
			isa = PBXFrameworksBuildPhase;
			buildActionMask = 2147483647;
			files = (
			);
			runOnlyForDeploymentPostprocessing = 0;
		};
/* End PBXFrameworksBuildPhase section */

/* Begin PBXGroup section */
		690A1977204800AB004D2734 = {
			isa = PBXGroup;
			children = (
				690A1982204800AB004D2734 /* Hertz 87.9 */,
				690A1999204800AC004D2734 /* Hertz 87.9Tests */,
				690A1981204800AB004D2734 /* Products */,
				690A19A9204801BC004D2734 /* Frameworks */,
			);
			sourceTree = "<group>";
		};
		690A1981204800AB004D2734 /* Products */ = {
			isa = PBXGroup;
			children = (
				690A1980204800AB004D2734 /* Hertz 87.9.app */,
				690A1996204800AC004D2734 /* Hertz 87.9Tests.xctest */,
			);
			name = Products;
			sourceTree = "<group>";
		};
		690A1982204800AB004D2734 /* Hertz 87.9 */ = {
			isa = PBXGroup;
			children = (
				690A1983204800AB004D2734 /* AppDelegate.swift */,
				690A19A5204800D7004D2734 /* AppContext.swift */,
				6931480C2049E6FE0094595C /* DataControllers */,
				690A1985204800AB004D2734 /* FirstViewController.swift */,
				690A1987204800AB004D2734 /* SecondViewController.swift */,
				690A1989204800AB004D2734 /* Main.storyboard */,
				690A198C204800AB004D2734 /* Assets.xcassets */,
				690A198E204800AB004D2734 /* LaunchScreen.storyboard */,
				690A1991204800AB004D2734 /* Info.plist */,
				693147EC2049752F0094595C /* Hertz-87-9-Bridging-Header.h */,
				693147FF204984E10094595C /* XSPFKit */,
			);
			path = "Hertz 87.9";
			sourceTree = "<group>";
		};
		690A1999204800AC004D2734 /* Hertz 87.9Tests */ = {
			isa = PBXGroup;
			children = (
				690A19B82048226A004D2734 /* Resources */,
				690A199A204800AC004D2734 /* Hertz_87_9Tests.swift */,
				690A199C204800AC004D2734 /* Info.plist */,
				690A19B62048214E004D2734 /* ProgramTests.swift */,
				693148092049E1500094595C /* FavouriteTrackTests.swift */,
				693147FD204979A00094595C /* PlaylistControllerTest.swift */,
				693148022049CC440094595C /* FavouriteSongsControllerTests.swift */,
				693147E3204961930094595C /* WebRequestTest.swift */,
			);
			path = "Hertz 87.9Tests";
			sourceTree = "<group>";
		};
		690A19A9204801BC004D2734 /* Frameworks */ = {
			isa = PBXGroup;
			children = (
				690A19B220480C89004D2734 /* SwiftyJSON.framework */,
				690A19AA204801BD004D2734 /* AVFoundation.framework */,
			);
			name = Frameworks;
			sourceTree = "<group>";
		};
		693147FF204984E10094595C /* XSPFKit */ = {
			isa = PBXGroup;
			children = (
				693147F4204976120094595C /* XSPFKit.h */,
				693147F1204976110094595C /* XSPFManager.h */,
				693147F0204976110094595C /* XSPFManager.m */,
				693147F3204976120094595C /* XSPFPlaylist.h */,
				693147FB204976420094595C /* NSMutableString+XSPFKit.h */,
				693147FA204976420094595C /* NSMutableString+XSPFKit.m */,
				693147F2204976120094595C /* XSPFPlaylist.m */,
				693147F6204976120094595C /* XSPFTrack.h */,
				693147F5204976120094595C /* XSPFTrack.m */,
			);
			path = XSPFKit;
			sourceTree = "<group>";
		};
		6931480C2049E6FE0094595C /* DataControllers */ = {
			isa = PBXGroup;
			children = (
				693148042049DB630094595C /* FavouriteTrack.swift */,
				693148002049C9B50094595C /* FavouriteTracksController.swift */,
				693147E7204972C70094595C /* PlaylistController.swift */,
				690A19B420480F58004D2734 /* ProgramController.swift */,
				693147E520496D880094595C /* ProgramData.swift */,
				690A19AC2048068F004D2734 /* RemoteUrls.swift */,
				690A19A7204800F4004D2734 /* StreamController.swift */,
				693148072049DD690094595C /* UserDefaultUtilities.swift */,
				690A19AE20480A93004D2734 /* WebRequestManager.swift */,
			);
			path = DataControllers;
			sourceTree = "<group>";
		};
/* End PBXGroup section */

/* Begin PBXNativeTarget section */
		690A197F204800AB004D2734 /* Hertz 87.9 */ = {
			isa = PBXNativeTarget;
			buildConfigurationList = 690A199F204800AC004D2734 /* Build configuration list for PBXNativeTarget "Hertz 87.9" */;
			buildPhases = (
				690A197C204800AB004D2734 /* Sources */,
				690A197D204800AB004D2734 /* Frameworks */,
				690A197E204800AB004D2734 /* Resources */,
				690A19B020480C51004D2734 /* ShellScript */,
				690A19B120480C59004D2734 /* ShellScript */,
			);
			buildRules = (
			);
			dependencies = (
			);
			name = "Hertz 87.9";
			productName = "Hertz 87.9";
			productReference = 690A1980204800AB004D2734 /* Hertz 87.9.app */;
			productType = "com.apple.product-type.application";
		};
		690A1995204800AC004D2734 /* Hertz 87.9Tests */ = {
			isa = PBXNativeTarget;
			buildConfigurationList = 690A19A2204800AC004D2734 /* Build configuration list for PBXNativeTarget "Hertz 87.9Tests" */;
			buildPhases = (
				690A1992204800AC004D2734 /* Sources */,
				690A1993204800AC004D2734 /* Frameworks */,
				690A1994204800AC004D2734 /* Resources */,
			);
			buildRules = (
			);
			dependencies = (
				690A1998204800AC004D2734 /* PBXTargetDependency */,
			);
			name = "Hertz 87.9Tests";
			productName = "Hertz 87.9Tests";
			productReference = 690A1996204800AC004D2734 /* Hertz 87.9Tests.xctest */;
			productType = "com.apple.product-type.bundle.unit-test";
		};
/* End PBXNativeTarget section */

/* Begin PBXProject section */
		690A1978204800AB004D2734 /* Project object */ = {
			isa = PBXProject;
			attributes = {
				LastSwiftUpdateCheck = 0920;
				LastUpgradeCheck = 0920;
				ORGANIZATIONNAME = "Hertz 87.9";
				TargetAttributes = {
					690A197F204800AB004D2734 = {
						CreatedOnToolsVersion = 9.2;
						ProvisioningStyle = Automatic;
					};
					690A1995204800AC004D2734 = {
						CreatedOnToolsVersion = 9.2;
						ProvisioningStyle = Automatic;
						TestTargetID = 690A197F204800AB004D2734;
					};
				};
			};
			buildConfigurationList = 690A197B204800AB004D2734 /* Build configuration list for PBXProject "Hertz 87.9" */;
			compatibilityVersion = "Xcode 8.0";
			developmentRegion = en;
			hasScannedForEncodings = 0;
			knownRegions = (
				en,
				Base,
			);
			mainGroup = 690A1977204800AB004D2734;
			productRefGroup = 690A1981204800AB004D2734 /* Products */;
			projectDirPath = "";
			projectRoot = "";
			targets = (
				690A197F204800AB004D2734 /* Hertz 87.9 */,
				690A1995204800AC004D2734 /* Hertz 87.9Tests */,
			);
		};
/* End PBXProject section */

/* Begin PBXResourcesBuildPhase section */
		690A197E204800AB004D2734 /* Resources */ = {
			isa = PBXResourcesBuildPhase;
			buildActionMask = 2147483647;
			files = (
				690A1990204800AB004D2734 /* LaunchScreen.storyboard in Resources */,
				690A198D204800AB004D2734 /* Assets.xcassets in Resources */,
				690A198B204800AB004D2734 /* Main.storyboard in Resources */,
			);
			runOnlyForDeploymentPostprocessing = 0;
		};
		690A1994204800AC004D2734 /* Resources */ = {
			isa = PBXResourcesBuildPhase;
			buildActionMask = 2147483647;
			files = (
				690A19B92048226A004D2734 /* Resources in Resources */,
			);
			runOnlyForDeploymentPostprocessing = 0;
		};
/* End PBXResourcesBuildPhase section */

/* Begin PBXShellScriptBuildPhase section */
		690A19B020480C51004D2734 /* ShellScript */ = {
			isa = PBXShellScriptBuildPhase;
			buildActionMask = 2147483647;
			files = (
			);
			inputPaths = (
			);
			outputPaths = (
			);
			runOnlyForDeploymentPostprocessing = 0;
			shellPath = /bin/sh;
			shellScript = "if which swiftlint >/dev/null; then\nswiftlint\nelse\necho \"warning: SwiftLint not installed, download from https://github.com/realm/SwiftLint\"\nfi";
		};
		690A19B120480C59004D2734 /* ShellScript */ = {
			isa = PBXShellScriptBuildPhase;
			buildActionMask = 2147483647;
			files = (
			);
			inputPaths = (
			);
			outputPaths = (
			);
			runOnlyForDeploymentPostprocessing = 0;
			shellPath = /bin/sh;
			shellScript = "/usr/local/bin/carthage copy-frameworks";
		};
/* End PBXShellScriptBuildPhase section */

/* Begin PBXSourcesBuildPhase section */
		690A197C204800AB004D2734 /* Sources */ = {
			isa = PBXSourcesBuildPhase;
			buildActionMask = 2147483647;
			files = (
				693147E620496D890094595C /* ProgramData.swift in Sources */,
				690A19A8204800F4004D2734 /* StreamController.swift in Sources */,
				690A1988204800AB004D2734 /* SecondViewController.swift in Sources */,
				690A19A6204800D7004D2734 /* AppContext.swift in Sources */,
				693147F7204976130094595C /* XSPFManager.m in Sources */,
				693148082049DD690094595C /* UserDefaultUtilities.swift in Sources */,
				693147F9204976130094595C /* XSPFTrack.m in Sources */,
				693147FC204976420094595C /* NSMutableString+XSPFKit.m in Sources */,
				693148012049C9B50094595C /* FavouriteTracksController.swift in Sources */,
				690A19AF20480A93004D2734 /* WebRequestManager.swift in Sources */,
				693148062049DB670094595C /* FavouriteTrack.swift in Sources */,
				690A19AD2048068F004D2734 /* RemoteUrls.swift in Sources */,
				690A1984204800AB004D2734 /* AppDelegate.swift in Sources */,
				693147F8204976130094595C /* XSPFPlaylist.m in Sources */,
				693147E92049730A0094595C /* PlaylistController.swift in Sources */,
				690A19B520480F58004D2734 /* ProgramController.swift in Sources */,
				690A1986204800AB004D2734 /* FirstViewController.swift in Sources */,
			);
			runOnlyForDeploymentPostprocessing = 0;
		};
		690A1992204800AC004D2734 /* Sources */ = {
			isa = PBXSourcesBuildPhase;
			buildActionMask = 2147483647;
			files = (
				693147E4204961930094595C /* WebRequestTest.swift in Sources */,
				693148032049CC440094595C /* FavouriteSongsControllerTests.swift in Sources */,
				693147FE204979A00094595C /* PlaylistControllerTest.swift in Sources */,
				6931480A2049E1500094595C /* FavouriteTrackTests.swift in Sources */,
				690A19B72048214E004D2734 /* ProgramTests.swift in Sources */,
				690A199B204800AC004D2734 /* Hertz_87_9Tests.swift in Sources */,
			);
			runOnlyForDeploymentPostprocessing = 0;
		};
/* End PBXSourcesBuildPhase section */

/* Begin PBXTargetDependency section */
		690A1998204800AC004D2734 /* PBXTargetDependency */ = {
			isa = PBXTargetDependency;
			target = 690A197F204800AB004D2734 /* Hertz 87.9 */;
			targetProxy = 690A1997204800AC004D2734 /* PBXContainerItemProxy */;
		};
/* End PBXTargetDependency section */

/* Begin PBXVariantGroup section */
		690A1989204800AB004D2734 /* Main.storyboard */ = {
			isa = PBXVariantGroup;
			children = (
				690A198A204800AB004D2734 /* Base */,
			);
			name = Main.storyboard;
			sourceTree = "<group>";
		};
		690A198E204800AB004D2734 /* LaunchScreen.storyboard */ = {
			isa = PBXVariantGroup;
			children = (
				690A198F204800AB004D2734 /* Base */,
			);
			name = LaunchScreen.storyboard;
			sourceTree = "<group>";
		};
/* End PBXVariantGroup section */

/* Begin XCBuildConfiguration section */
		690A199D204800AC004D2734 /* Debug */ = {
			isa = XCBuildConfiguration;
			buildSettings = {
				ALWAYS_SEARCH_USER_PATHS = NO;
				CLANG_ANALYZER_NONNULL = YES;
				CLANG_ANALYZER_NUMBER_OBJECT_CONVERSION = YES_AGGRESSIVE;
				CLANG_CXX_LANGUAGE_STANDARD = "gnu++14";
				CLANG_CXX_LIBRARY = "libc++";
				CLANG_ENABLE_MODULES = YES;
				CLANG_ENABLE_OBJC_ARC = YES;
				CLANG_WARN_BLOCK_CAPTURE_AUTORELEASING = YES;
				CLANG_WARN_BOOL_CONVERSION = YES;
				CLANG_WARN_COMMA = YES;
				CLANG_WARN_CONSTANT_CONVERSION = YES;
				CLANG_WARN_DIRECT_OBJC_ISA_USAGE = YES_ERROR;
				CLANG_WARN_DOCUMENTATION_COMMENTS = YES;
				CLANG_WARN_EMPTY_BODY = YES;
				CLANG_WARN_ENUM_CONVERSION = YES;
				CLANG_WARN_INFINITE_RECURSION = YES;
				CLANG_WARN_INT_CONVERSION = YES;
				CLANG_WARN_NON_LITERAL_NULL_CONVERSION = YES;
				CLANG_WARN_OBJC_LITERAL_CONVERSION = YES;
				CLANG_WARN_OBJC_ROOT_CLASS = YES_ERROR;
				CLANG_WARN_RANGE_LOOP_ANALYSIS = YES;
				CLANG_WARN_STRICT_PROTOTYPES = YES;
				CLANG_WARN_SUSPICIOUS_MOVE = YES;
				CLANG_WARN_UNGUARDED_AVAILABILITY = YES_AGGRESSIVE;
				CLANG_WARN_UNREACHABLE_CODE = YES;
				CLANG_WARN__DUPLICATE_METHOD_MATCH = YES;
				CODE_SIGN_IDENTITY = "iPhone Developer";
				COPY_PHASE_STRIP = NO;
				DEBUG_INFORMATION_FORMAT = dwarf;
				ENABLE_STRICT_OBJC_MSGSEND = YES;
				ENABLE_TESTABILITY = YES;
				GCC_C_LANGUAGE_STANDARD = gnu11;
				GCC_DYNAMIC_NO_PIC = NO;
				GCC_NO_COMMON_BLOCKS = YES;
				GCC_OPTIMIZATION_LEVEL = 0;
				GCC_PREPROCESSOR_DEFINITIONS = (
					"DEBUG=1",
					"$(inherited)",
				);
				GCC_WARN_64_TO_32_BIT_CONVERSION = YES;
				GCC_WARN_ABOUT_RETURN_TYPE = YES_ERROR;
				GCC_WARN_UNDECLARED_SELECTOR = YES;
				GCC_WARN_UNINITIALIZED_AUTOS = YES_AGGRESSIVE;
				GCC_WARN_UNUSED_FUNCTION = YES;
				GCC_WARN_UNUSED_VARIABLE = YES;
				IPHONEOS_DEPLOYMENT_TARGET = 11.2;
				MTL_ENABLE_DEBUG_INFO = YES;
				ONLY_ACTIVE_ARCH = YES;
				SDKROOT = iphoneos;
				SWIFT_ACTIVE_COMPILATION_CONDITIONS = DEBUG;
				SWIFT_OPTIMIZATION_LEVEL = "-Onone";
			};
			name = Debug;
		};
		690A199E204800AC004D2734 /* Release */ = {
			isa = XCBuildConfiguration;
			buildSettings = {
				ALWAYS_SEARCH_USER_PATHS = NO;
				CLANG_ANALYZER_NONNULL = YES;
				CLANG_ANALYZER_NUMBER_OBJECT_CONVERSION = YES_AGGRESSIVE;
				CLANG_CXX_LANGUAGE_STANDARD = "gnu++14";
				CLANG_CXX_LIBRARY = "libc++";
				CLANG_ENABLE_MODULES = YES;
				CLANG_ENABLE_OBJC_ARC = YES;
				CLANG_WARN_BLOCK_CAPTURE_AUTORELEASING = YES;
				CLANG_WARN_BOOL_CONVERSION = YES;
				CLANG_WARN_COMMA = YES;
				CLANG_WARN_CONSTANT_CONVERSION = YES;
				CLANG_WARN_DIRECT_OBJC_ISA_USAGE = YES_ERROR;
				CLANG_WARN_DOCUMENTATION_COMMENTS = YES;
				CLANG_WARN_EMPTY_BODY = YES;
				CLANG_WARN_ENUM_CONVERSION = YES;
				CLANG_WARN_INFINITE_RECURSION = YES;
				CLANG_WARN_INT_CONVERSION = YES;
				CLANG_WARN_NON_LITERAL_NULL_CONVERSION = YES;
				CLANG_WARN_OBJC_LITERAL_CONVERSION = YES;
				CLANG_WARN_OBJC_ROOT_CLASS = YES_ERROR;
				CLANG_WARN_RANGE_LOOP_ANALYSIS = YES;
				CLANG_WARN_STRICT_PROTOTYPES = YES;
				CLANG_WARN_SUSPICIOUS_MOVE = YES;
				CLANG_WARN_UNGUARDED_AVAILABILITY = YES_AGGRESSIVE;
				CLANG_WARN_UNREACHABLE_CODE = YES;
				CLANG_WARN__DUPLICATE_METHOD_MATCH = YES;
				CODE_SIGN_IDENTITY = "iPhone Developer";
				COPY_PHASE_STRIP = NO;
				DEBUG_INFORMATION_FORMAT = "dwarf-with-dsym";
				ENABLE_NS_ASSERTIONS = NO;
				ENABLE_STRICT_OBJC_MSGSEND = YES;
				GCC_C_LANGUAGE_STANDARD = gnu11;
				GCC_NO_COMMON_BLOCKS = YES;
				GCC_WARN_64_TO_32_BIT_CONVERSION = YES;
				GCC_WARN_ABOUT_RETURN_TYPE = YES_ERROR;
				GCC_WARN_UNDECLARED_SELECTOR = YES;
				GCC_WARN_UNINITIALIZED_AUTOS = YES_AGGRESSIVE;
				GCC_WARN_UNUSED_FUNCTION = YES;
				GCC_WARN_UNUSED_VARIABLE = YES;
				IPHONEOS_DEPLOYMENT_TARGET = 11.2;
				MTL_ENABLE_DEBUG_INFO = NO;
				SDKROOT = iphoneos;
				SWIFT_OPTIMIZATION_LEVEL = "-Owholemodule";
				VALIDATE_PRODUCT = YES;
			};
			name = Release;
		};
		690A19A0204800AC004D2734 /* Debug */ = {
			isa = XCBuildConfiguration;
			buildSettings = {
				ASSETCATALOG_COMPILER_APPICON_NAME = AppIcon;
				CODE_SIGN_STYLE = Automatic;
				DEVELOPMENT_TEAM = VEESE9857L;
				FRAMEWORK_SEARCH_PATHS = (
					"$(inherited)",
					"$(PROJECT_DIR)/Carthage/Build/iOS",
				);
				INFOPLIST_FILE = "Hertz 87.9/Info.plist";
				IPHONEOS_DEPLOYMENT_TARGET = 10.0;
				LD_RUNPATH_SEARCH_PATHS = "$(inherited) @executable_path/Frameworks";
				PRODUCT_BUNDLE_IDENTIFIER = "com.mathiasfrick.Hertz-87-9";
				PRODUCT_NAME = "$(TARGET_NAME)";
				SWIFT_OBJC_BRIDGING_HEADER = "$(SRCROOT)/Hertz 87.9/Hertz-87-9-Bridging-Header.h";
				SWIFT_VERSION = 4.0;
				TARGETED_DEVICE_FAMILY = "1,2";
			};
			name = Debug;
		};
		690A19A1204800AC004D2734 /* Release */ = {
			isa = XCBuildConfiguration;
			buildSettings = {
				ASSETCATALOG_COMPILER_APPICON_NAME = AppIcon;
				CODE_SIGN_STYLE = Automatic;
				DEVELOPMENT_TEAM = VEESE9857L;
				FRAMEWORK_SEARCH_PATHS = (
					"$(inherited)",
					"$(PROJECT_DIR)/Carthage/Build/iOS",
				);
				INFOPLIST_FILE = "Hertz 87.9/Info.plist";
				IPHONEOS_DEPLOYMENT_TARGET = 10.0;
				LD_RUNPATH_SEARCH_PATHS = "$(inherited) @executable_path/Frameworks";
				PRODUCT_BUNDLE_IDENTIFIER = "com.mathiasfrick.Hertz-87-9";
				PRODUCT_NAME = "$(TARGET_NAME)";
				SWIFT_OBJC_BRIDGING_HEADER = "$(SRCROOT)/Hertz 87.9/Hertz-87-9-Bridging-Header.h";
				SWIFT_VERSION = 4.0;
				TARGETED_DEVICE_FAMILY = "1,2";
			};
			name = Release;
		};
		690A19A3204800AC004D2734 /* Debug */ = {
			isa = XCBuildConfiguration;
			buildSettings = {
				ALWAYS_EMBED_SWIFT_STANDARD_LIBRARIES = YES;
				BUNDLE_LOADER = "$(TEST_HOST)";
				CODE_SIGN_STYLE = Automatic;
				DEVELOPMENT_TEAM = VEESE9857L;
				INFOPLIST_FILE = "Hertz 87.9Tests/Info.plist";
				LD_RUNPATH_SEARCH_PATHS = "$(inherited) @executable_path/Frameworks @loader_path/Frameworks";
				PRODUCT_BUNDLE_IDENTIFIER = "com.mathiasfrick.Hertz-87-9Tests";
				PRODUCT_NAME = "$(TARGET_NAME)";
				SWIFT_VERSION = 4.0;
				TARGETED_DEVICE_FAMILY = "1,2";
				TEST_HOST = "$(BUILT_PRODUCTS_DIR)/Hertz 87.9.app/Hertz 87.9";
			};
			name = Debug;
		};
		690A19A4204800AC004D2734 /* Release */ = {
			isa = XCBuildConfiguration;
			buildSettings = {
				ALWAYS_EMBED_SWIFT_STANDARD_LIBRARIES = YES;
				BUNDLE_LOADER = "$(TEST_HOST)";
				CODE_SIGN_STYLE = Automatic;
				DEVELOPMENT_TEAM = VEESE9857L;
				INFOPLIST_FILE = "Hertz 87.9Tests/Info.plist";
				LD_RUNPATH_SEARCH_PATHS = "$(inherited) @executable_path/Frameworks @loader_path/Frameworks";
				PRODUCT_BUNDLE_IDENTIFIER = "com.mathiasfrick.Hertz-87-9Tests";
				PRODUCT_NAME = "$(TARGET_NAME)";
				SWIFT_VERSION = 4.0;
				TARGETED_DEVICE_FAMILY = "1,2";
				TEST_HOST = "$(BUILT_PRODUCTS_DIR)/Hertz 87.9.app/Hertz 87.9";
			};
			name = Release;
		};
/* End XCBuildConfiguration section */

/* Begin XCConfigurationList section */
		690A197B204800AB004D2734 /* Build configuration list for PBXProject "Hertz 87.9" */ = {
			isa = XCConfigurationList;
			buildConfigurations = (
				690A199D204800AC004D2734 /* Debug */,
				690A199E204800AC004D2734 /* Release */,
			);
			defaultConfigurationIsVisible = 0;
			defaultConfigurationName = Release;
		};
		690A199F204800AC004D2734 /* Build configuration list for PBXNativeTarget "Hertz 87.9" */ = {
			isa = XCConfigurationList;
			buildConfigurations = (
				690A19A0204800AC004D2734 /* Debug */,
				690A19A1204800AC004D2734 /* Release */,
			);
			defaultConfigurationIsVisible = 0;
			defaultConfigurationName = Release;
		};
		690A19A2204800AC004D2734 /* Build configuration list for PBXNativeTarget "Hertz 87.9Tests" */ = {
			isa = XCConfigurationList;
			buildConfigurations = (
				690A19A3204800AC004D2734 /* Debug */,
				690A19A4204800AC004D2734 /* Release */,
			);
			defaultConfigurationIsVisible = 0;
			defaultConfigurationName = Release;
		};
/* End XCConfigurationList section */
	};
	rootObject = 690A1978204800AB004D2734 /* Project object */;
}
